PackratFormat: 1.4
PackratVersion: 0.4.7.9
RVersion: 3.2.2
Repos: CRAN=https://mran.revolutionanalytics.com/snapshot/2015-08-27

Package: Rcpp
Source: CRAN
Version: 0.12.0
Hash: 9cad2f0525579d98b5ec2536febaf0da

Package: brew
Source: CRAN
Version: 1.0-6
Hash: 931f9972deae0f205e1c78a51f33149b

Package: crayon
Source: CRAN
Version: 1.3.1
Hash: b61d34886cf0f4b4fc4e4f52ea249390
Requires: memoise

Package: data.table
Source: github
Version: 1.9.7
Hash: 4792e44da4aa17576f730b4ceae4e73e
GithubRepo: data.table
GithubUsername: Rdatatable
GithubRef: master
GithubSha1: bdb76ff500495d349868020ef39dbcabcbdfc1fe

Package: digest
Source: CRAN
Version: 0.6.8
Hash: de202f956596a476d09304e3a2ebf1e5

Package: magrittr
Source: CRAN
Version: 1.5
Hash: bdc4d48c3135e8f3b399536ddf160df4

Package: memoise
Source: CRAN
Version: 0.2.1
Hash: 812e6a1dd77a0ca4da41f3239de8e447
Requires: digest

Package: packrat
Source: github
Version: 0.4.7-9
Hash: cb813000f5c36e0eff4bc6f0b67f91eb
GithubRepo: packrat
GithubUsername: rstudio
GithubRef: master
GithubSha1: d04c33541957f1d8c1f8344fcde11689e6277f83

Package: roxygen2
Source: CRAN
Version: 4.1.1
Hash: 5dce64dda925a35cbbf1c1072dc1eed7
Requires: Rcpp, brew, digest, stringr

Package: stringi
Source: CRAN
Version: 0.5-5
Hash: e7c67668a472e26e0c95bc8fa9049198

Package: stringr
Source: CRAN
Version: 1.0.0
Requires: magrittr, stringi

Package: testthat
Source: CRAN
Version: 0.10.0
Hash: e1c29715cb8ae5e023b0b8ad64e308f7
Requires: crayon, digest
